// !$*UTF8*$!
{
	archiveVersion = 1;
	classes = {
	};
	objectVersion = 46;
	objects = {

/* Begin PBXBuildFile section */
		FFC7BF881AD92B060096E5D1 /* AppDelegate.swift in Sources */ = {isa = PBXBuildFile; fileRef = FFC7BF871AD92B060096E5D1 /* AppDelegate.swift */; };
		FFC7BF8A1AD92B060096E5D1 /* ViewController.swift in Sources */ = {isa = PBXBuildFile; fileRef = FFC7BF891AD92B060096E5D1 /* ViewController.swift */; };
		FFC7BF8D1AD92B060096E5D1 /* Main.storyboard in Resources */ = {isa = PBXBuildFile; fileRef = FFC7BF8B1AD92B060096E5D1 /* Main.storyboard */; };
		FFC7BF8F1AD92B060096E5D1 /* Images.xcassets in Resources */ = {isa = PBXBuildFile; fileRef = FFC7BF8E1AD92B060096E5D1 /* Images.xcassets */; };
		FFC7BF921AD92B060096E5D1 /* LaunchScreen.xib in Resources */ = {isa = PBXBuildFile; fileRef = FFC7BF901AD92B060096E5D1 /* LaunchScreen.xib */; };
		FFC7BF9E1AD92B060096E5D1 /* QZCircleSegueTests.swift in Sources */ = {isa = PBXBuildFile; fileRef = FFC7BF9D1AD92B060096E5D1 /* QZCircleSegueTests.swift */; };
		FFC7BFA91AD9310D0096E5D1 /* NewViewController.swift in Sources */ = {isa = PBXBuildFile; fileRef = FFC7BFA81AD9310D0096E5D1 /* NewViewController.swift */; };
		FFC7BFAB1AD931DA0096E5D1 /* QZCircleSegue.swift in Sources */ = {isa = PBXBuildFile; fileRef = FFC7BFAA1AD931DA0096E5D1 /* QZCircleSegue.swift */; };
/* End PBXBuildFile section */

/* Begin PBXContainerItemProxy section */
		FFC7BF981AD92B060096E5D1 /* PBXContainerItemProxy */ = {
			isa = PBXContainerItemProxy;
			containerPortal = FFC7BF7A1AD92B060096E5D1 /* Project object */;
			proxyType = 1;
			remoteGlobalIDString = FFC7BF811AD92B060096E5D1;
			remoteInfo = QZCircleSegue;
		};
/* End PBXContainerItemProxy section */

/* Begin PBXFileReference section */
		FFC7BF821AD92B060096E5D1 /* QZCircleSegue.app */ = {isa = PBXFileReference; explicitFileType = wrapper.application; includeInIndex = 0; path = QZCircleSegue.app; sourceTree = BUILT_PRODUCTS_DIR; };
		FFC7BF861AD92B060096E5D1 /* Info.plist */ = {isa = PBXFileReference; lastKnownFileType = text.plist.xml; path = Info.plist; sourceTree = "<group>"; };
		FFC7BF871AD92B060096E5D1 /* AppDelegate.swift */ = {isa = PBXFileReference; lastKnownFileType = sourcecode.swift; path = AppDelegate.swift; sourceTree = "<group>"; };
		FFC7BF891AD92B060096E5D1 /* ViewController.swift */ = {isa = PBXFileReference; lastKnownFileType = sourcecode.swift; path = ViewController.swift; sourceTree = "<group>"; };
		FFC7BF8C1AD92B060096E5D1 /* Base */ = {isa = PBXFileReference; lastKnownFileType = file.storyboard; name = Base; path = Base.lproj/Main.storyboard; sourceTree = "<group>"; };
		FFC7BF8E1AD92B060096E5D1 /* Images.xcassets */ = {isa = PBXFileReference; lastKnownFileType = folder.assetcatalog; path = Images.xcassets; sourceTree = "<group>"; };
		FFC7BF911AD92B060096E5D1 /* Base */ = {isa = PBXFileReference; lastKnownFileType = file.xib; name = Base; path = Base.lproj/LaunchScreen.xib; sourceTree = "<group>"; };
		FFC7BF971AD92B060096E5D1 /* QZCircleSegueTests.xctest */ = {isa = PBXFileReference; explicitFileType = wrapper.cfbundle; includeInIndex = 0; path = QZCircleSegueTests.xctest; sourceTree = BUILT_PRODUCTS_DIR; };
		FFC7BF9C1AD92B060096E5D1 /* Info.plist */ = {isa = PBXFileReference; lastKnownFileType = text.plist.xml; path = Info.plist; sourceTree = "<group>"; };
		FFC7BF9D1AD92B060096E5D1 /* QZCircleSegueTests.swift */ = {isa = PBXFileReference; lastKnownFileType = sourcecode.swift; path = QZCircleSegueTests.swift; sourceTree = "<group>"; };
		FFC7BFA81AD9310D0096E5D1 /* NewViewController.swift */ = {isa = PBXFileReference; fileEncoding = 4; lastKnownFileType = sourcecode.swift; path = NewViewController.swift; sourceTree = "<group>"; };
		FFC7BFAA1AD931DA0096E5D1 /* QZCircleSegue.swift */ = {isa = PBXFileReference; fileEncoding = 4; lastKnownFileType = sourcecode.swift; path = QZCircleSegue.swift; sourceTree = "<group>"; };
/* End PBXFileReference section */

/* Begin PBXFrameworksBuildPhase section */
		FFC7BF7F1AD92B060096E5D1 /* Frameworks */ = {
			isa = PBXFrameworksBuildPhase;
			buildActionMask = 2147483647;
			files = (
			);
			runOnlyForDeploymentPostprocessing = 0;
		};
		FFC7BF941AD92B060096E5D1 /* Frameworks */ = {
			isa = PBXFrameworksBuildPhase;
			buildActionMask = 2147483647;
			files = (
			);
			runOnlyForDeploymentPostprocessing = 0;
		};
/* End PBXFrameworksBuildPhase section */

/* Begin PBXGroup section */
		FFC7BF791AD92B060096E5D1 = {
			isa = PBXGroup;
			children = (
				FFC7BF841AD92B060096E5D1 /* QZCircleSegue */,
				FFC7BF9A1AD92B060096E5D1 /* QZCircleSegueTests */,
				FFC7BF831AD92B060096E5D1 /* Products */,
			);
			sourceTree = "<group>";
		};
		FFC7BF831AD92B060096E5D1 /* Products */ = {
			isa = PBXGroup;
			children = (
				FFC7BF821AD92B060096E5D1 /* QZCircleSegue.app */,
				FFC7BF971AD92B060096E5D1 /* QZCircleSegueTests.xctest */,
			);
			name = Products;
			sourceTree = "<group>";
		};
		FFC7BF841AD92B060096E5D1 /* QZCircleSegue */ = {
			isa = PBXGroup;
			children = (
				FFC7BFA71AD92B0B0096E5D1 /* QZCircleSegue */,
				FFC7BF871AD92B060096E5D1 /* AppDelegate.swift */,
				FFC7BF891AD92B060096E5D1 /* ViewController.swift */,
				FFC7BFA81AD9310D0096E5D1 /* NewViewController.swift */,
				FFC7BF8B1AD92B060096E5D1 /* Main.storyboard */,
				FFC7BF901AD92B060096E5D1 /* LaunchScreen.xib */,
				FFC7BF8E1AD92B060096E5D1 /* Images.xcassets */,
				FFC7BF851AD92B060096E5D1 /* Supporting Files */,
			);
			path = QZCircleSegue;
			sourceTree = "<group>";
		};
		FFC7BF851AD92B060096E5D1 /* Supporting Files */ = {
			isa = PBXGroup;
			children = (
				FFC7BF861AD92B060096E5D1 /* Info.plist */,
			);
			name = "Supporting Files";
			sourceTree = "<group>";
		};
		FFC7BF9A1AD92B060096E5D1 /* QZCircleSegueTests */ = {
			isa = PBXGroup;
			children = (
				FFC7BF9D1AD92B060096E5D1 /* QZCircleSegueTests.swift */,
				FFC7BF9B1AD92B060096E5D1 /* Supporting Files */,
			);
			path = QZCircleSegueTests;
			sourceTree = "<group>";
		};
		FFC7BF9B1AD92B060096E5D1 /* Supporting Files */ = {
			isa = PBXGroup;
			children = (
				FFC7BF9C1AD92B060096E5D1 /* Info.plist */,
			);
			name = "Supporting Files";
			sourceTree = "<group>";
		};
		FFC7BFA71AD92B0B0096E5D1 /* QZCircleSegue */ = {
			isa = PBXGroup;
			children = (
				FFC7BFAA1AD931DA0096E5D1 /* QZCircleSegue.swift */,
			);
			name = QZCircleSegue;
			sourceTree = "<group>";
		};
/* End PBXGroup section */

/* Begin PBXNativeTarget section */
		FFC7BF811AD92B060096E5D1 /* QZCircleSegue */ = {
			isa = PBXNativeTarget;
			buildConfigurationList = FFC7BFA11AD92B060096E5D1 /* Build configuration list for PBXNativeTarget "QZCircleSegue" */;
			buildPhases = (
				FFC7BF7E1AD92B060096E5D1 /* Sources */,
				FFC7BF7F1AD92B060096E5D1 /* Frameworks */,
				FFC7BF801AD92B060096E5D1 /* Resources */,
			);
			buildRules = (
			);
			dependencies = (
			);
			name = QZCircleSegue;
			productName = QZCircleSegue;
			productReference = FFC7BF821AD92B060096E5D1 /* QZCircleSegue.app */;
			productType = "com.apple.product-type.application";
		};
		FFC7BF961AD92B060096E5D1 /* QZCircleSegueTests */ = {
			isa = PBXNativeTarget;
			buildConfigurationList = FFC7BFA41AD92B060096E5D1 /* Build configuration list for PBXNativeTarget "QZCircleSegueTests" */;
			buildPhases = (
				FFC7BF931AD92B060096E5D1 /* Sources */,
				FFC7BF941AD92B060096E5D1 /* Frameworks */,
				FFC7BF951AD92B060096E5D1 /* Resources */,
			);
			buildRules = (
			);
			dependencies = (
				FFC7BF991AD92B060096E5D1 /* PBXTargetDependency */,
			);
			name = QZCircleSegueTests;
			productName = QZCircleSegueTests;
			productReference = FFC7BF971AD92B060096E5D1 /* QZCircleSegueTests.xctest */;
			productType = "com.apple.product-type.bundle.unit-test";
		};
/* End PBXNativeTarget section */

/* Begin PBXProject section */
		FFC7BF7A1AD92B060096E5D1 /* Project object */ = {
			isa = PBXProject;
			attributes = {
				LastUpgradeCheck = 0630;
				ORGANIZATIONNAME = "Dribba Development & Consulting";
				TargetAttributes = {
					FFC7BF811AD92B060096E5D1 = {
						CreatedOnToolsVersion = 6.3;
					};
					FFC7BF961AD92B060096E5D1 = {
						CreatedOnToolsVersion = 6.3;
						TestTargetID = FFC7BF811AD92B060096E5D1;
					};
				};
			};
			buildConfigurationList = FFC7BF7D1AD92B060096E5D1 /* Build configuration list for PBXProject "QZCircleSegue" */;
			compatibilityVersion = "Xcode 3.2";
			developmentRegion = English;
			hasScannedForEncodings = 0;
			knownRegions = (
				en,
				Base,
			);
			mainGroup = FFC7BF791AD92B060096E5D1;
			productRefGroup = FFC7BF831AD92B060096E5D1 /* Products */;
			projectDirPath = "";
			projectRoot = "";
			targets = (
				FFC7BF811AD92B060096E5D1 /* QZCircleSegue */,
				FFC7BF961AD92B060096E5D1 /* QZCircleSegueTests */,
			);
		};
/* End PBXProject section */

/* Begin PBXResourcesBuildPhase section */
		FFC7BF801AD92B060096E5D1 /* Resources */ = {
			isa = PBXResourcesBuildPhase;
			buildActionMask = 2147483647;
			files = (
				FFC7BF8D1AD92B060096E5D1 /* Main.storyboard in Resources */,
				FFC7BF921AD92B060096E5D1 /* LaunchScreen.xib in Resources */,
				FFC7BF8F1AD92B060096E5D1 /* Images.xcassets in Resources */,
			);
			runOnlyForDeploymentPostprocessing = 0;
		};
		FFC7BF951AD92B060096E5D1 /* Resources */ = {
			isa = PBXResourcesBuildPhase;
			buildActionMask = 2147483647;
			files = (
			);
			runOnlyForDeploymentPostprocessing = 0;
		};
/* End PBXResourcesBuildPhase section */

/* Begin PBXSourcesBuildPhase section */
		FFC7BF7E1AD92B060096E5D1 /* Sources */ = {
			isa = PBXSourcesBuildPhase;
			buildActionMask = 2147483647;
			files = (
				FFC7BFAB1AD931DA0096E5D1 /* QZCircleSegue.swift in Sources */,
				FFC7BFA91AD9310D0096E5D1 /* NewViewController.swift in Sources */,
				FFC7BF8A1AD92B060096E5D1 /* ViewController.swift in Sources */,
				FFC7BF881AD92B060096E5D1 /* AppDelegate.swift in Sources */,
			);
			runOnlyForDeploymentPostprocessing = 0;
		};
		FFC7BF931AD92B060096E5D1 /* Sources */ = {
			isa = PBXSourcesBuildPhase;
			buildActionMask = 2147483647;
			files = (
				FFC7BF9E1AD92B060096E5D1 /* QZCircleSegueTests.swift in Sources */,
			);
			runOnlyForDeploymentPostprocessing = 0;
		};
/* End PBXSourcesBuildPhase section */

/* Begin PBXTargetDependency section */
		FFC7BF991AD92B060096E5D1 /* PBXTargetDependency */ = {
			isa = PBXTargetDependency;
			target = FFC7BF811AD92B060096E5D1 /* QZCircleSegue */;
			targetProxy = FFC7BF981AD92B060096E5D1 /* PBXContainerItemProxy */;
		};
/* End PBXTargetDependency section */

/* Begin PBXVariantGroup section */
		FFC7BF8B1AD92B060096E5D1 /* Main.storyboard */ = {
			isa = PBXVariantGroup;
			children = (
				FFC7BF8C1AD92B060096E5D1 /* Base */,
			);
			name = Main.storyboard;
			sourceTree = "<group>";
		};
		FFC7BF901AD92B060096E5D1 /* LaunchScreen.xib */ = {
			isa = PBXVariantGroup;
			children = (
				FFC7BF911AD92B060096E5D1 /* Base */,
			);
			name = LaunchScreen.xib;
			sourceTree = "<group>";
		};
/* End PBXVariantGroup section */

/* Begin XCBuildConfiguration section */
		FFC7BF9F1AD92B060096E5D1 /* Debug */ = {
			isa = XCBuildConfiguration;
			buildSettings = {
				ALWAYS_SEARCH_USER_PATHS = NO;
				CLANG_CXX_LANGUAGE_STANDARD = "gnu++0x";
				CLANG_CXX_LIBRARY = "libc++";
				CLANG_ENABLE_MODULES = YES;
				CLANG_ENABLE_OBJC_ARC = YES;
				CLANG_WARN_BOOL_CONVERSION = YES;
				CLANG_WARN_CONSTANT_CONVERSION = YES;
				CLANG_WARN_DIRECT_OBJC_ISA_USAGE = YES_ERROR;
				CLANG_WARN_EMPTY_BODY = YES;
				CLANG_WARN_ENUM_CONVERSION = YES;
				CLANG_WARN_INT_CONVERSION = YES;
				CLANG_WARN_OBJC_ROOT_CLASS = YES_ERROR;
				CLANG_WARN_UNREACHABLE_CODE = YES;
				CLANG_WARN__DUPLICATE_METHOD_MATCH = YES;
				"CODE_SIGN_IDENTITY[sdk=iphoneos*]" = "iPhone Developer";
				COPY_PHASE_STRIP = NO;
				DEBUG_INFORMATION_FORMAT = "dwarf-with-dsym";
				ENABLE_STRICT_OBJC_MSGSEND = YES;
				GCC_C_LANGUAGE_STANDARD = gnu99;
				GCC_DYNAMIC_NO_PIC = NO;
				GCC_NO_COMMON_BLOCKS = YES;
				GCC_OPTIMIZATION_LEVEL = 0;
				GCC_PREPROCESSOR_DEFINITIONS = (
					"DEBUG=1",
					"$(inherited)",
				);
				GCC_SYMBOLS_PRIVATE_EXTERN = NO;
				GCC_WARN_64_TO_32_BIT_CONVERSION = YES;
				GCC_WARN_ABOUT_RETURN_TYPE = YES_ERROR;
				GCC_WARN_UNDECLARED_SELECTOR = YES;
				GCC_WARN_UNINITIALIZED_AUTOS = YES_AGGRESSIVE;
				GCC_WARN_UNUSED_FUNCTION = YES;
				GCC_WARN_UNUSED_VARIABLE = YES;
				IPHONEOS_DEPLOYMENT_TARGET = 8.3;
				MTL_ENABLE_DEBUG_INFO = YES;
				ONLY_ACTIVE_ARCH = YES;
				SDKROOT = iphoneos;
				SWIFT_OPTIMIZATION_LEVEL = "-Onone";
			};
			name = Debug;
		};
		FFC7BFA01AD92B060096E5D1 /* Release */ = {
			isa = XCBuildConfiguration;
			buildSettings = {
				ALWAYS_SEARCH_USER_PATHS = NO;
				CLANG_CXX_LANGUAGE_STANDARD = "gnu++0x";
				CLANG_CXX_LIBRARY = "libc++";
				CLANG_ENABLE_MODULES = YES;
				CLANG_ENABLE_OBJC_ARC = YES;
				CLANG_WARN_BOOL_CONVERSION = YES;
				CLANG_WARN_CONSTANT_CONVERSION = YES;
				CLANG_WARN_DIRECT_OBJC_ISA_USAGE = YES_ERROR;
				CLANG_WARN_EMPTY_BODY = YES;
				CLANG_WARN_ENUM_CONVERSION = YES;
				CLANG_WARN_INT_CONVERSION = YES;
				CLANG_WARN_OBJC_ROOT_CLASS = YES_ERROR;
				CLANG_WARN_UNREACHABLE_CODE = YES;
				CLANG_WARN__DUPLICATE_METHOD_MATCH = YES;
				"CODE_SIGN_IDENTITY[sdk=iphoneos*]" = "iPhone Developer";
				COPY_PHASE_STRIP = NO;
				DEBUG_INFORMATION_FORMAT = "dwarf-with-dsym";
				ENABLE_NS_ASSERTIONS = NO;
				ENABLE_STRICT_OBJC_MSGSEND = YES;
				GCC_C_LANGUAGE_STANDARD = gnu99;
				GCC_NO_COMMON_BLOCKS = YES;
				GCC_WARN_64_TO_32_BIT_CONVERSION = YES;
				GCC_WARN_ABOUT_RETURN_TYPE = YES_ERROR;
				GCC_WARN_UNDECLARED_SELECTOR = YES;
				GCC_WARN_UNINITIALIZED_AUTOS = YES_AGGRESSIVE;
				GCC_WARN_UNUSED_FUNCTION = YES;
				GCC_WARN_UNUSED_VARIABLE = YES;
				IPHONEOS_DEPLOYMENT_TARGET = 8.3;
				MTL_ENABLE_DEBUG_INFO = NO;
				SDKROOT = iphoneos;
				VALIDATE_PRODUCT = YES;
			};
			name = Release;
		};
		FFC7BFA21AD92B060096E5D1 /* Debug */ = {
			isa = XCBuildConfiguration;
			buildSettings = {
				ASSETCATALOG_COMPILER_APPICON_NAME = AppIcon;
				INFOPLIST_FILE = QZCircleSegue/Info.plist;
				LD_RUNPATH_SEARCH_PATHS = "$(inherited) @executable_path/Frameworks";
				PRODUCT_NAME = "$(TARGET_NAME)";
			};
			name = Debug;
		};
		FFC7BFA31AD92B060096E5D1 /* Release */ = {
			isa = XCBuildConfiguration;
			buildSettings = {
				ASSETCATALOG_COMPILER_APPICON_NAME = AppIcon;
				INFOPLIST_FILE = QZCircleSegue/Info.plist;
				LD_RUNPATH_SEARCH_PATHS = "$(inherited) @executable_path/Frameworks";
				PRODUCT_NAME = "$(TARGET_NAME)";
			};
			name = Release;
		};
		FFC7BFA51AD92B060096E5D1 /* Debug */ = {
			isa = XCBuildConfiguration;
			buildSettings = {
				BUNDLE_LOADER = "$(TEST_HOST)";
				FRAMEWORK_SEARCH_PATHS = (
					"$(SDKROOT)/Developer/Library/Frameworks",
					"$(inherited)",
				);
				GCC_PREPROCESSOR_DEFINITIONS = (
					"DEBUG=1",
					"$(inherited)",
				);
				INFOPLIST_FILE = QZCircleSegueTests/Info.plist;
				LD_RUNPATH_SEARCH_PATHS = "$(inherited) @executable_path/Frameworks @loader_path/Frameworks";
				PRODUCT_NAME = "$(TARGET_NAME)";
				TEST_HOST = "$(BUILT_PRODUCTS_DIR)/QZCircleSegue.app/QZCircleSegue";
			};
			name = Debug;
		};
		FFC7BFA61AD92B060096E5D1 /* Release */ = {
			isa = XCBuildConfiguration;
			buildSettings = {
				BUNDLE_LOADER = "$(TEST_HOST)";
				FRAMEWORK_SEARCH_PATHS = (
					"$(SDKROOT)/Developer/Library/Frameworks",
					"$(inherited)",
				);
				INFOPLIST_FILE = QZCircleSegueTests/Info.plist;
				LD_RUNPATH_SEARCH_PATHS = "$(inherited) @executable_path/Frameworks @loader_path/Frameworks";
				PRODUCT_NAME = "$(TARGET_NAME)";
				TEST_HOST = "$(BUILT_PRODUCTS_DIR)/QZCircleSegue.app/QZCircleSegue";
			};
			name = Release;
		};
/* End XCBuildConfiguration section */

/* Begin XCConfigurationList section */
		FFC7BF7D1AD92B060096E5D1 /* Build configuration list for PBXProject "QZCircleSegue" */ = {
			isa = XCConfigurationList;
			buildConfigurations = (
				FFC7BF9F1AD92B060096E5D1 /* Debug */,
				FFC7BFA01AD92B060096E5D1 /* Release */,
			);
			defaultConfigurationIsVisible = 0;
			defaultConfigurationName = Release;
		};
		FFC7BFA11AD92B060096E5D1 /* Build configuration list for PBXNativeTarget "QZCircleSegue" */ = {
			isa = XCConfigurationList;
			buildConfigurations = (
				FFC7BFA21AD92B060096E5D1 /* Debug */,
				FFC7BFA31AD92B060096E5D1 /* Release */,
			);
			defaultConfigurationIsVisible = 0;
		};
		FFC7BFA41AD92B060096E5D1 /* Build configuration list for PBXNativeTarget "QZCircleSegueTests" */ = {
			isa = XCConfigurationList;
			buildConfigurations = (
				FFC7BFA51AD92B060096E5D1 /* Debug */,
				FFC7BFA61AD92B060096E5D1 /* Release */,
			);
			defaultConfigurationIsVisible = 0;
		};
/* End XCConfigurationList section */
	};
	rootObject = FFC7BF7A1AD92B060096E5D1 /* Project object */;
}
